// !$*UTF8*$!
{
	archiveVersion = 1;
	classes = {
	};
	objectVersion = 50;
	objects = {

/* Begin PBXBuildFile section */
		F2F57C5D2654A97E0072C9AF /* Recipe_List_App.swift in Sources */ = {isa = PBXBuildFile; fileRef = F2F57C5C2654A97E0072C9AF /* Recipe_List_App.swift */; };
		F2F57C5F2654A97E0072C9AF /* RecipeListView.swift in Sources */ = {isa = PBXBuildFile; fileRef = F2F57C5E2654A97E0072C9AF /* RecipeListView.swift */; };
		F2F57C612654A97F0072C9AF /* Assets.xcassets in Resources */ = {isa = PBXBuildFile; fileRef = F2F57C602654A97F0072C9AF /* Assets.xcassets */; };
		F2F57C642654A97F0072C9AF /* Preview Assets.xcassets in Resources */ = {isa = PBXBuildFile; fileRef = F2F57C632654A97F0072C9AF /* Preview Assets.xcassets */; };
		F2F57C732654AB1F0072C9AF /* recipes.json in Resources */ = {isa = PBXBuildFile; fileRef = F2F57C722654AB1F0072C9AF /* recipes.json */; };
		F2F57C7C2654ABCF0072C9AF /* Recipe.swift in Sources */ = {isa = PBXBuildFile; fileRef = F2F57C7B2654ABCF0072C9AF /* Recipe.swift */; };
		F2F57C7F2654BDD20072C9AF /* RecipeModel.swift in Sources */ = {isa = PBXBuildFile; fileRef = F2F57C7E2654BDD20072C9AF /* RecipeModel.swift */; };
		F2F57C842654C0EA0072C9AF /* DataService.swift in Sources */ = {isa = PBXBuildFile; fileRef = F2F57C832654C0EA0072C9AF /* DataService.swift */; };
		F2F57CEE26563F460072C9AF /* RecipeDetailView.swift in Sources */ = {isa = PBXBuildFile; fileRef = F2F57CED26563F460072C9AF /* RecipeDetailView.swift */; };
		F2F57D89265B15A50072C9AF /* RecipeTabView.swift in Sources */ = {isa = PBXBuildFile; fileRef = F2F57D88265B15A50072C9AF /* RecipeTabView.swift */; };
		F2F57DE4265CCF8C0072C9AF /* Ingredient.swift in Sources */ = {isa = PBXBuildFile; fileRef = F2F57DE3265CCF8C0072C9AF /* Ingredient.swift */; };
/* End PBXBuildFile section */

/* Begin PBXFileReference section */
		F2F57C592654A97E0072C9AF /* Recipe List App.app */ = {isa = PBXFileReference; explicitFileType = wrapper.application; includeInIndex = 0; path = "Recipe List App.app"; sourceTree = BUILT_PRODUCTS_DIR; };
		F2F57C5C2654A97E0072C9AF /* Recipe_List_App.swift */ = {isa = PBXFileReference; lastKnownFileType = sourcecode.swift; path = Recipe_List_App.swift; sourceTree = "<group>"; };
		F2F57C5E2654A97E0072C9AF /* RecipeListView.swift */ = {isa = PBXFileReference; lastKnownFileType = sourcecode.swift; path = RecipeListView.swift; sourceTree = "<group>"; };
		F2F57C602654A97F0072C9AF /* Assets.xcassets */ = {isa = PBXFileReference; lastKnownFileType = folder.assetcatalog; path = Assets.xcassets; sourceTree = "<group>"; };
		F2F57C632654A97F0072C9AF /* Preview Assets.xcassets */ = {isa = PBXFileReference; lastKnownFileType = folder.assetcatalog; path = "Preview Assets.xcassets"; sourceTree = "<group>"; };
		F2F57C652654A97F0072C9AF /* Info.plist */ = {isa = PBXFileReference; lastKnownFileType = text.plist.xml; path = Info.plist; sourceTree = "<group>"; };
		F2F57C722654AB1F0072C9AF /* recipes.json */ = {isa = PBXFileReference; fileEncoding = 4; lastKnownFileType = text.json; path = recipes.json; sourceTree = "<group>"; };
		F2F57C7B2654ABCF0072C9AF /* Recipe.swift */ = {isa = PBXFileReference; lastKnownFileType = sourcecode.swift; path = Recipe.swift; sourceTree = "<group>"; };
		F2F57C7E2654BDD20072C9AF /* RecipeModel.swift */ = {isa = PBXFileReference; lastKnownFileType = sourcecode.swift; path = RecipeModel.swift; sourceTree = "<group>"; };
		F2F57C832654C0EA0072C9AF /* DataService.swift */ = {isa = PBXFileReference; lastKnownFileType = sourcecode.swift; path = DataService.swift; sourceTree = "<group>"; };
		F2F57CED26563F460072C9AF /* RecipeDetailView.swift */ = {isa = PBXFileReference; lastKnownFileType = sourcecode.swift; path = RecipeDetailView.swift; sourceTree = "<group>"; };
		F2F57D88265B15A50072C9AF /* RecipeTabView.swift */ = {isa = PBXFileReference; lastKnownFileType = sourcecode.swift; path = RecipeTabView.swift; sourceTree = "<group>"; };
		F2F57DE3265CCF8C0072C9AF /* Ingredient.swift */ = {isa = PBXFileReference; lastKnownFileType = sourcecode.swift; path = Ingredient.swift; sourceTree = "<group>"; };
/* End PBXFileReference section */

/* Begin PBXFrameworksBuildPhase section */
		F2F57C562654A97E0072C9AF /* Frameworks */ = {
			isa = PBXFrameworksBuildPhase;
			buildActionMask = 2147483647;
			files = (
			);
			runOnlyForDeploymentPostprocessing = 0;
		};
/* End PBXFrameworksBuildPhase section */

/* Begin PBXGroup section */
		F2F57C502654A97E0072C9AF = {
			isa = PBXGroup;
			children = (
				F2F57C5B2654A97E0072C9AF /* Recipe List App */,
				F2F57C5A2654A97E0072C9AF /* Products */,
			);
			sourceTree = "<group>";
		};
		F2F57C5A2654A97E0072C9AF /* Products */ = {
			isa = PBXGroup;
			children = (
				F2F57C592654A97E0072C9AF /* Recipe List App.app */,
			);
			name = Products;
			sourceTree = "<group>";
		};
		F2F57C5B2654A97E0072C9AF /* Recipe List App */ = {
			isa = PBXGroup;
			children = (
				F2F57C5C2654A97E0072C9AF /* Recipe_List_App.swift */,
				F2F57C6D2654A9BF0072C9AF /* Views */,
				F2F57C6E2654A9CF0072C9AF /* ViewModels */,
				F2F57C6F2654A9DB0072C9AF /* Models */,
				F2F57C712654A9EC0072C9AF /* Services */,
				F2F57C702654A9E40072C9AF /* Data */,
				F2F57C602654A97F0072C9AF /* Assets.xcassets */,
				F2F57C652654A97F0072C9AF /* Info.plist */,
				F2F57C622654A97F0072C9AF /* Preview Content */,
			);
			path = "Recipe List App";
			sourceTree = "<group>";
		};
		F2F57C622654A97F0072C9AF /* Preview Content */ = {
			isa = PBXGroup;
			children = (
				F2F57C632654A97F0072C9AF /* Preview Assets.xcassets */,
			);
			path = "Preview Content";
			sourceTree = "<group>";
		};
		F2F57C6D2654A9BF0072C9AF /* Views */ = {
			isa = PBXGroup;
			children = (
				F2F57D88265B15A50072C9AF /* RecipeTabView.swift */,
				F2F57C5E2654A97E0072C9AF /* RecipeListView.swift */,
				F2F57CED26563F460072C9AF /* RecipeDetailView.swift */,
			);
			path = Views;
			sourceTree = "<group>";
		};
		F2F57C6E2654A9CF0072C9AF /* ViewModels */ = {
			isa = PBXGroup;
			children = (
				F2F57C7E2654BDD20072C9AF /* RecipeModel.swift */,
			);
			path = ViewModels;
			sourceTree = "<group>";
		};
		F2F57C6F2654A9DB0072C9AF /* Models */ = {
			isa = PBXGroup;
			children = (
				F2F57C7B2654ABCF0072C9AF /* Recipe.swift */,
				F2F57DE3265CCF8C0072C9AF /* Ingredient.swift */,
			);
			path = Models;
			sourceTree = "<group>";
		};
		F2F57C702654A9E40072C9AF /* Data */ = {
			isa = PBXGroup;
			children = (
				F2F57C722654AB1F0072C9AF /* recipes.json */,
			);
			path = Data;
			sourceTree = "<group>";
		};
		F2F57C712654A9EC0072C9AF /* Services */ = {
			isa = PBXGroup;
			children = (
				F2F57C832654C0EA0072C9AF /* DataService.swift */,
			);
			path = Services;
			sourceTree = "<group>";
		};
/* End PBXGroup section */

/* Begin PBXNativeTarget section */
		F2F57C582654A97E0072C9AF /* Recipe List App */ = {
			isa = PBXNativeTarget;
			buildConfigurationList = F2F57C682654A97F0072C9AF /* Build configuration list for PBXNativeTarget "Recipe List App" */;
			buildPhases = (
				F2F57C552654A97E0072C9AF /* Sources */,
				F2F57C562654A97E0072C9AF /* Frameworks */,
				F2F57C572654A97E0072C9AF /* Resources */,
			);
			buildRules = (
			);
			dependencies = (
			);
			name = "Recipe List App";
			productName = "Recipe List App";
			productReference = F2F57C592654A97E0072C9AF /* Recipe List App.app */;
			productType = "com.apple.product-type.application";
		};
/* End PBXNativeTarget section */

/* Begin PBXProject section */
		F2F57C512654A97E0072C9AF /* Project object */ = {
			isa = PBXProject;
			attributes = {
				LastSwiftUpdateCheck = 1240;
				LastUpgradeCheck = 1240;
				TargetAttributes = {
					F2F57C582654A97E0072C9AF = {
						CreatedOnToolsVersion = 12.4;
					};
				};
			};
			buildConfigurationList = F2F57C542654A97E0072C9AF /* Build configuration list for PBXProject "Recipe List App" */;
			compatibilityVersion = "Xcode 9.3";
			developmentRegion = en;
			hasScannedForEncodings = 0;
			knownRegions = (
				en,
				Base,
			);
			mainGroup = F2F57C502654A97E0072C9AF;
			productRefGroup = F2F57C5A2654A97E0072C9AF /* Products */;
			projectDirPath = "";
			projectRoot = "";
			targets = (
				F2F57C582654A97E0072C9AF /* Recipe List App */,
			);
		};
/* End PBXProject section */

/* Begin PBXResourcesBuildPhase section */
		F2F57C572654A97E0072C9AF /* Resources */ = {
			isa = PBXResourcesBuildPhase;
			buildActionMask = 2147483647;
			files = (
				F2F57C642654A97F0072C9AF /* Preview Assets.xcassets in Resources */,
				F2F57C732654AB1F0072C9AF /* recipes.json in Resources */,
				F2F57C612654A97F0072C9AF /* Assets.xcassets in Resources */,
			);
			runOnlyForDeploymentPostprocessing = 0;
		};
/* End PBXResourcesBuildPhase section */

/* Begin PBXSourcesBuildPhase section */
		F2F57C552654A97E0072C9AF /* Sources */ = {
			isa = PBXSourcesBuildPhase;
			buildActionMask = 2147483647;
			files = (
				F2F57C7C2654ABCF0072C9AF /* Recipe.swift in Sources */,
				F2F57C7F2654BDD20072C9AF /* RecipeModel.swift in Sources */,
				F2F57C5F2654A97E0072C9AF /* RecipeListView.swift in Sources */,
				F2F57CEE26563F460072C9AF /* RecipeDetailView.swift in Sources */,
				F2F57DE4265CCF8C0072C9AF /* Ingredient.swift in Sources */,
				F2F57C5D2654A97E0072C9AF /* Recipe_List_App.swift in Sources */,
				F2F57C842654C0EA0072C9AF /* DataService.swift in Sources */,
				F2F57D89265B15A50072C9AF /* RecipeTabView.swift in Sources */,
			);
			runOnlyForDeploymentPostprocessing = 0;
		};
/* End PBXSourcesBuildPhase section */

/* Begin XCBuildConfiguration section */
		F2F57C662654A97F0072C9AF /* Debug */ = {
			isa = XCBuildConfiguration;
			buildSettings = {
				ALWAYS_SEARCH_USER_PATHS = NO;
				CLANG_ANALYZER_NONNULL = YES;
				CLANG_ANALYZER_NUMBER_OBJECT_CONVERSION = YES_AGGRESSIVE;
				CLANG_CXX_LANGUAGE_STANDARD = "gnu++14";
				CLANG_CXX_LIBRARY = "libc++";
				CLANG_ENABLE_MODULES = YES;
				CLANG_ENABLE_OBJC_ARC = YES;
				CLANG_ENABLE_OBJC_WEAK = YES;
				CLANG_WARN_BLOCK_CAPTURE_AUTORELEASING = YES;
				CLANG_WARN_BOOL_CONVERSION = YES;
				CLANG_WARN_COMMA = YES;
				CLANG_WARN_CONSTANT_CONVERSION = YES;
				CLANG_WARN_DEPRECATED_OBJC_IMPLEMENTATIONS = YES;
				CLANG_WARN_DIRECT_OBJC_ISA_USAGE = YES_ERROR;
				CLANG_WARN_DOCUMENTATION_COMMENTS = YES;
				CLANG_WARN_EMPTY_BODY = YES;
				CLANG_WARN_ENUM_CONVERSION = YES;
				CLANG_WARN_INFINITE_RECURSION = YES;
				CLANG_WARN_INT_CONVERSION = YES;
				CLANG_WARN_NON_LITERAL_NULL_CONVERSION = YES;
				CLANG_WARN_OBJC_IMPLICIT_RETAIN_SELF = YES;
				CLANG_WARN_OBJC_LITERAL_CONVERSION = YES;
				CLANG_WARN_OBJC_ROOT_CLASS = YES_ERROR;
				CLANG_WARN_QUOTED_INCLUDE_IN_FRAMEWORK_HEADER = YES;
				CLANG_WARN_RANGE_LOOP_ANALYSIS = YES;
				CLANG_WARN_STRICT_PROTOTYPES = YES;
				CLANG_WARN_SUSPICIOUS_MOVE = YES;
				CLANG_WARN_UNGUARDED_AVAILABILITY = YES_AGGRESSIVE;
				CLANG_WARN_UNREACHABLE_CODE = YES;
				CLANG_WARN__DUPLICATE_METHOD_MATCH = YES;
				COPY_PHASE_STRIP = NO;
				DEBUG_INFORMATION_FORMAT = dwarf;
				ENABLE_STRICT_OBJC_MSGSEND = YES;
				ENABLE_TESTABILITY = YES;
				GCC_C_LANGUAGE_STANDARD = gnu11;
				GCC_DYNAMIC_NO_PIC = NO;
				GCC_NO_COMMON_BLOCKS = YES;
				GCC_OPTIMIZATION_LEVEL = 0;
				GCC_PREPROCESSOR_DEFINITIONS = (
					"DEBUG=1",
					"$(inherited)",
				);
				GCC_WARN_64_TO_32_BIT_CONVERSION = YES;
				GCC_WARN_ABOUT_RETURN_TYPE = YES_ERROR;
				GCC_WARN_UNDECLARED_SELECTOR = YES;
				GCC_WARN_UNINITIALIZED_AUTOS = YES_AGGRESSIVE;
				GCC_WARN_UNUSED_FUNCTION = YES;
				GCC_WARN_UNUSED_VARIABLE = YES;
				IPHONEOS_DEPLOYMENT_TARGET = 14.4;
				MTL_ENABLE_DEBUG_INFO = INCLUDE_SOURCE;
				MTL_FAST_MATH = YES;
				ONLY_ACTIVE_ARCH = YES;
				SDKROOT = iphoneos;
				SWIFT_ACTIVE_COMPILATION_CONDITIONS = DEBUG;
				SWIFT_OPTIMIZATION_LEVEL = "-Onone";
			};
			name = Debug;
		};
		F2F57C672654A97F0072C9AF /* Release */ = {
			isa = XCBuildConfiguration;
			buildSettings = {
				ALWAYS_SEARCH_USER_PATHS = NO;
				CLANG_ANALYZER_NONNULL = YES;
				CLANG_ANALYZER_NUMBER_OBJECT_CONVERSION = YES_AGGRESSIVE;
				CLANG_CXX_LANGUAGE_STANDARD = "gnu++14";
				CLANG_CXX_LIBRARY = "libc++";
				CLANG_ENABLE_MODULES = YES;
				CLANG_ENABLE_OBJC_ARC = YES;
				CLANG_ENABLE_OBJC_WEAK = YES;
				CLANG_WARN_BLOCK_CAPTURE_AUTORELEASING = YES;
				CLANG_WARN_BOOL_CONVERSION = YES;
				CLANG_WARN_COMMA = YES;
				CLANG_WARN_CONSTANT_CONVERSION = YES;
				CLANG_WARN_DEPRECATED_OBJC_IMPLEMENTATIONS = YES;
				CLANG_WARN_DIRECT_OBJC_ISA_USAGE = YES_ERROR;
				CLANG_WARN_DOCUMENTATION_COMMENTS = YES;
				CLANG_WARN_EMPTY_BODY = YES;
				CLANG_WARN_ENUM_CONVERSION = YES;
				CLANG_WARN_INFINITE_RECURSION = YES;
				CLANG_WARN_INT_CONVERSION = YES;
				CLANG_WARN_NON_LITERAL_NULL_CONVERSION = YES;
				CLANG_WARN_OBJC_IMPLICIT_RETAIN_SELF = YES;
				CLANG_WARN_OBJC_LITERAL_CONVERSION = YES;
				CLANG_WARN_OBJC_ROOT_CLASS = YES_ERROR;
				CLANG_WARN_QUOTED_INCLUDE_IN_FRAMEWORK_HEADER = YES;
				CLANG_WARN_RANGE_LOOP_ANALYSIS = YES;
				CLANG_WARN_STRICT_PROTOTYPES = YES;
				CLANG_WARN_SUSPICIOUS_MOVE = YES;
				CLANG_WARN_UNGUARDED_AVAILABILITY = YES_AGGRESSIVE;
				CLANG_WARN_UNREACHABLE_CODE = YES;
				CLANG_WARN__DUPLICATE_METHOD_MATCH = YES;
				COPY_PHASE_STRIP = NO;
				DEBUG_INFORMATION_FORMAT = "dwarf-with-dsym";
				ENABLE_NS_ASSERTIONS = NO;
				ENABLE_STRICT_OBJC_MSGSEND = YES;
				GCC_C_LANGUAGE_STANDARD = gnu11;
				GCC_NO_COMMON_BLOCKS = YES;
				GCC_WARN_64_TO_32_BIT_CONVERSION = YES;
				GCC_WARN_ABOUT_RETURN_TYPE = YES_ERROR;
				GCC_WARN_UNDECLARED_SELECTOR = YES;
				GCC_WARN_UNINITIALIZED_AUTOS = YES_AGGRESSIVE;
				GCC_WARN_UNUSED_FUNCTION = YES;
				GCC_WARN_UNUSED_VARIABLE = YES;
				IPHONEOS_DEPLOYMENT_TARGET = 14.4;
				MTL_ENABLE_DEBUG_INFO = NO;
				MTL_FAST_MATH = YES;
				SDKROOT = iphoneos;
				SWIFT_COMPILATION_MODE = wholemodule;
				SWIFT_OPTIMIZATION_LEVEL = "-O";
				VALIDATE_PRODUCT = YES;
			};
			name = Release;
		};
		F2F57C692654A97F0072C9AF /* Debug */ = {
			isa = XCBuildConfiguration;
			buildSettings = {
				ASSETCATALOG_COMPILER_APPICON_NAME = AppIcon;
				ASSETCATALOG_COMPILER_GLOBAL_ACCENT_COLOR_NAME = AccentColor;
				CODE_SIGN_STYLE = Automatic;
				DEVELOPMENT_ASSET_PATHS = "\"Recipe List App/Preview Content\"";
				DEVELOPMENT_TEAM = T6283VNWST;
				ENABLE_PREVIEWS = YES;
				INFOPLIST_FILE = "Recipe List App/Info.plist";
				IPHONEOS_DEPLOYMENT_TARGET = 14.0;
				LD_RUNPATH_SEARCH_PATHS = (
					"$(inherited)",
					"@executable_path/Frameworks",
				);
				PRODUCT_BUNDLE_IDENTIFIER = "com.farmercal.Recipe-List-App";
				PRODUCT_NAME = "$(TARGET_NAME)";
				SWIFT_VERSION = 5.0;
				TARGETED_DEVICE_FAMILY = "1,2";
			};
			name = Debug;
		};
		F2F57C6A2654A97F0072C9AF /* Release */ = {
			isa = XCBuildConfiguration;
			buildSettings = {
				ASSETCATALOG_COMPILER_APPICON_NAME = AppIcon;
				ASSETCATALOG_COMPILER_GLOBAL_ACCENT_COLOR_NAME = AccentColor;
				CODE_SIGN_STYLE = Automatic;
				DEVELOPMENT_ASSET_PATHS = "\"Recipe List App/Preview Content\"";
				DEVELOPMENT_TEAM = T6283VNWST;
				ENABLE_PREVIEWS = YES;
				INFOPLIST_FILE = "Recipe List App/Info.plist";
				IPHONEOS_DEPLOYMENT_TARGET = 14.0;
				LD_RUNPATH_SEARCH_PATHS = (
					"$(inherited)",
					"@executable_path/Frameworks",
				);
				PRODUCT_BUNDLE_IDENTIFIER = "com.farmercal.Recipe-List-App";
				PRODUCT_NAME = "$(TARGET_NAME)";
				SWIFT_VERSION = 5.0;
				TARGETED_DEVICE_FAMILY = "1,2";
			};
			name = Release;
		};
/* End XCBuildConfiguration section */

/* Begin XCConfigurationList section */
		F2F57C542654A97E0072C9AF /* Build configuration list for PBXProject "Recipe List App" */ = {
			isa = XCConfigurationList;
			buildConfigurations = (
				F2F57C662654A97F0072C9AF /* Debug */,
				F2F57C672654A97F0072C9AF /* Release */,
			);
			defaultConfigurationIsVisible = 0;
			defaultConfigurationName = Release;
		};
		F2F57C682654A97F0072C9AF /* Build configuration list for PBXNativeTarget "Recipe List App" */ = {
			isa = XCConfigurationList;
			buildConfigurations = (
				F2F57C692654A97F0072C9AF /* Debug */,
				F2F57C6A2654A97F0072C9AF /* Release */,
			);
			defaultConfigurationIsVisible = 0;
			defaultConfigurationName = Release;
		};
/* End XCConfigurationList section */
	};
	rootObject = F2F57C512654A97E0072C9AF /* Project object */;
}
